
Microsoft Visual Studio Solution File, Format Version 12.00
# Visual Studio Version 17
VisualStudioVersion = 17.13.35931.197 d17.13
MinimumVisualStudioVersion = 10.0.40219.1
Project("{FAE04EC0-301F-11D3-BF4B-00C04F79EFBC}") = "X2402邹君诚_250512", "X2402邹君诚_250512\X2402邹君诚_250512.csproj", "{D384BEEE-E916-4BD0-8D8E-FC2C56031511}"
EndProject
Global
	GlobalSection(SolutionConfigurationPlatforms) = preSolution
		Debug|Any CPU = Debug|Any CPU
		Release|Any CPU = Release|Any CPU
	EndGlobalSection
	GlobalSection(ProjectConfigurationPlatforms) = postSolution
		{D384BEEE-E916-4BD0-8D8E-FC2C56031511}.Debug|Any CPU.ActiveCfg = Debug|Any CPU
		{D384BEEE-E916-4BD0-8D8E-FC2C56031511}.Debug|Any CPU.Build.0 = Debug|Any CPU
		{D384BEEE-E916-4BD0-8D8E-FC2C56031511}.Release|Any CPU.ActiveCfg = Release|Any CPU
		{D384BEEE-E916-4BD0-8D8E-FC2C56031511}.Release|Any CPU.Build.0 = Release|Any CPU
	EndGlobalSection
	GlobalSection(SolutionProperties) = preSolution
		HideSolutionNode = FALSE
	EndGlobalSection
	GlobalSection(ExtensibilityGlobals) = postSolution
		SolutionGuid = {EFD416C3-D02B-495A-B31B-C05EE7D807CE}
	EndGlobalSection
EndGlobal
