
Microsoft Visual Studio Solution File, Format Version 12.00
# Visual Studio Version 17
VisualStudioVersion = 17.12.35521.163 d17.12
MinimumVisualStudioVersion = 10.0.40219.1
Project("{FAE04EC0-301F-11D3-BF4B-00C04F79EFBC}") = "2024_1130_练习", "2024_1130_练习\2024_1130_练习.csproj", "{BAEC9D40-2A53-4F07-BEF1-5F67A7BD3684}"
EndProject
Global
	GlobalSection(SolutionConfigurationPlatforms) = preSolution
		Debug|Any CPU = Debug|Any CPU
		Release|Any CPU = Release|Any CPU
	EndGlobalSection
	GlobalSection(ProjectConfigurationPlatforms) = postSolution
		{BAEC9D40-2A53-4F07-BEF1-5F67A7BD3684}.Debug|Any CPU.ActiveCfg = Debug|Any CPU
		{BAEC9D40-2A53-4F07-BEF1-5F67A7BD3684}.Debug|Any CPU.Build.0 = Debug|Any CPU
		{BAEC9D40-2A53-4F07-BEF1-5F67A7BD3684}.Release|Any CPU.ActiveCfg = Release|Any CPU
		{BAEC9D40-2A53-4F07-BEF1-5F67A7BD3684}.Release|Any CPU.Build.0 = Release|Any CPU
	EndGlobalSection
	GlobalSection(SolutionProperties) = preSolution
		HideSolutionNode = FALSE
	EndGlobalSection
EndGlobal
