
Microsoft Visual Studio Solution File, Format Version 12.00
# Visual Studio Version 17
VisualStudioVersion = 17.13.35931.197
MinimumVisualStudioVersion = 10.0.40219.1
Project("{FAE04EC0-301F-11D3-BF4B-00C04F79EFBC}") = "X2402_邹君诚_250428_图书管理系统_继承与多态", "X2402_邹君诚_250428_图书管理系统_继承与多态\X2402_邹君诚_250428_图书管理系统_继承与多态.csproj", "{D8C16866-FE7D-47C7-97F9-D8C7E6298F01}"
EndProject
Project("{FAE04EC0-301F-11D3-BF4B-00C04F79EFBC}") = "虚方法", "虚方法\虚方法.csproj", "{F490DDBA-DF90-4CFB-901B-43A339E45E25}"
EndProject
Global
	GlobalSection(SolutionConfigurationPlatforms) = preSolution
		Debug|Any CPU = Debug|Any CPU
		Release|Any CPU = Release|Any CPU
	EndGlobalSection
	GlobalSection(ProjectConfigurationPlatforms) = postSolution
		{D8C16866-FE7D-47C7-97F9-D8C7E6298F01}.Debug|Any CPU.ActiveCfg = Debug|Any CPU
		{D8C16866-FE7D-47C7-97F9-D8C7E6298F01}.Debug|Any CPU.Build.0 = Debug|Any CPU
		{D8C16866-FE7D-47C7-97F9-D8C7E6298F01}.Release|Any CPU.ActiveCfg = Release|Any CPU
		{D8C16866-FE7D-47C7-97F9-D8C7E6298F01}.Release|Any CPU.Build.0 = Release|Any CPU
		{F490DDBA-DF90-4CFB-901B-43A339E45E25}.Debug|Any CPU.ActiveCfg = Debug|Any CPU
		{F490DDBA-DF90-4CFB-901B-43A339E45E25}.Debug|Any CPU.Build.0 = Debug|Any CPU
		{F490DDBA-DF90-4CFB-901B-43A339E45E25}.Release|Any CPU.ActiveCfg = Release|Any CPU
		{F490DDBA-DF90-4CFB-901B-43A339E45E25}.Release|Any CPU.Build.0 = Release|Any CPU
	EndGlobalSection
	GlobalSection(SolutionProperties) = preSolution
		HideSolutionNode = FALSE
	EndGlobalSection
	GlobalSection(ExtensibilityGlobals) = postSolution
		SolutionGuid = {A7890F17-844D-403C-A26F-2ECEAEB25F9B}
	EndGlobalSection
EndGlobal
